
Microsoft Visual Studio Solution File, Format Version 12.00
# Visual Studio Version 17
VisualStudioVersion = 17.6.33801.468
MinimumVisualStudioVersion = 10.0.40219.1
Project("{FAE04EC0-301F-11D3-BF4B-00C04F79EFBC}") = "Dictionary", "Dictionary.csproj", "{78B9163D-8304-422E-9F4E-B5C8C0EB2A01}"
EndProject
Global
	GlobalSection(SolutionConfigurationPlatforms) = preSolution
		Debug|Any CPU = Debug|Any CPU
		Release|Any CPU = Release|Any CPU
	EndGlobalSection
	GlobalSection(ProjectConfigurationPlatforms) = postSolution
		{78B9163D-8304-422E-9F4E-B5C8C0EB2A01}.Debug|Any CPU.ActiveCfg = Debug|Any CPU
		{78B9163D-8304-422E-9F4E-B5C8C0EB2A01}.Debug|Any CPU.Build.0 = Debug|Any CPU
		{78B9163D-8304-422E-9F4E-B5C8C0EB2A01}.Release|Any CPU.ActiveCfg = Release|Any CPU
		{78B9163D-8304-422E-9F4E-B5C8C0EB2A01}.Release|Any CPU.Build.0 = Release|Any CPU
	EndGlobalSection
	GlobalSection(SolutionProperties) = preSolution
		HideSolutionNode = FALSE
	EndGlobalSection
	GlobalSection(ExtensibilityGlobals) = postSolution
		SolutionGuid = {0E110E9D-213D-4AAF-BD61-CA1211A8F484}
	EndGlobalSection
EndGlobal
